{
  "pins" : [
    {
      "identity" : "nuke",
      "kind" : "remoteSourceControl",
      "location" : "https://github.com/kean/Nuke.git",
      "state" : {
        "revision" : "7f73ceaeacd5df75a7994cd82e165ad9ff1815db",
        "version" : "9.6.1"
      }
    },
    {
      "identity" : "swift-snapshot-testing",
      "kind" : "remoteSourceControl",
      "location" : "https://github.com/pointfreeco/swift-snapshot-testing.git",
      "state" : {
        "revision" : "26ed3a2b4a2df47917ca9b790a57f91285b923fb",
        "version" : "1.12.0"
      }
    }
  ],
  "version" : 2
}
