// !$*UTF8*$!
{
	archiveVersion = 1;
	classes = {
	};
	objectVersion = 56;
	objects = {

/* Begin PBXBuildFile section */
		34B547D52AA4728B0077DD6B /* AppDelegate.swift in Sources */ = {isa = PBXBuildFile; fileRef = 34B547D42AA4728B0077DD6B /* AppDelegate.swift */; };
		34B547D72AA4728B0077DD6B /* SceneDelegate.swift in Sources */ = {isa = PBXBuildFile; fileRef = 34B547D62AA4728B0077DD6B /* SceneDelegate.swift */; };
		34B547DE2AA4728E0077DD6B /* Assets.xcassets in Resources */ = {isa = PBXBuildFile; fileRef = 34B547DD2AA4728E0077DD6B /* Assets.xcassets */; };
		34B547E12AA4728E0077DD6B /* LaunchScreen.storyboard in Resources */ = {isa = PBXBuildFile; fileRef = 34B547DF2AA4728E0077DD6B /* LaunchScreen.storyboard */; };
		34B547EC2AA4728E0077DD6B /* SnapShotTestingDemoTests.swift in Sources */ = {isa = PBXBuildFile; fileRef = 34B547EB2AA4728E0077DD6B /* SnapShotTestingDemoTests.swift */; };
		34B548112AA473F40077DD6B /* CompositionalLayoutSectionHelper.swift in Sources */ = {isa = PBXBuildFile; fileRef = 34B548062AA473F40077DD6B /* CompositionalLayoutSectionHelper.swift */; };
		34B548122AA473F40077DD6B /* AppStoreViewController.swift in Sources */ = {isa = PBXBuildFile; fileRef = 34B548082AA473F40077DD6B /* AppStoreViewController.swift */; };
		34B548132AA473F40077DD6B /* FreeApp.swift in Sources */ = {isa = PBXBuildFile; fileRef = 34B5480A2AA473F40077DD6B /* FreeApp.swift */; };
		34B548142AA473F40077DD6B /* FeaturedApp.swift in Sources */ = {isa = PBXBuildFile; fileRef = 34B5480B2AA473F40077DD6B /* FeaturedApp.swift */; };
		34B548152AA473F40077DD6B /* HeaderSupplementaryCell.swift in Sources */ = {isa = PBXBuildFile; fileRef = 34B5480D2AA473F40077DD6B /* HeaderSupplementaryCell.swift */; };
		34B548162AA473F40077DD6B /* FreeAppCell.swift in Sources */ = {isa = PBXBuildFile; fileRef = 34B5480E2AA473F40077DD6B /* FreeAppCell.swift */; };
		34B548172AA473F40077DD6B /* FeaturedAppsCell.swift in Sources */ = {isa = PBXBuildFile; fileRef = 34B5480F2AA473F40077DD6B /* FeaturedAppsCell.swift */; };
		34B5481D2AA474830077DD6B /* SnapshotTesting in Frameworks */ = {isa = PBXBuildFile; productRef = 34B5481C2AA474830077DD6B /* SnapshotTesting */; };
		34B548202AA4751C0077DD6B /* Nuke in Frameworks */ = {isa = PBXBuildFile; productRef = 34B5481F2AA4751C0077DD6B /* Nuke */; };
		34B548222AA4751C0077DD6B /* NukeExtensions in Frameworks */ = {isa = PBXBuildFile; productRef = 34B548212AA4751C0077DD6B /* NukeExtensions */; };
		34B548242AA4751C0077DD6B /* NukeUI in Frameworks */ = {isa = PBXBuildFile; productRef = 34B548232AA4751C0077DD6B /* NukeUI */; };
/* End PBXBuildFile section */

/* Begin PBXContainerItemProxy section */
		34B547E82AA4728E0077DD6B /* PBXContainerItemProxy */ = {
			isa = PBXContainerItemProxy;
			containerPortal = 34B547C92AA4728B0077DD6B /* Project object */;
			proxyType = 1;
			remoteGlobalIDString = 34B547D02AA4728B0077DD6B;
			remoteInfo = SnapShotTestingDemo;
		};
/* End PBXContainerItemProxy section */

/* Begin PBXFileReference section */
		34B547D12AA4728B0077DD6B /* SnapShotTestingDemo.app */ = {isa = PBXFileReference; explicitFileType = wrapper.application; includeInIndex = 0; path = SnapShotTestingDemo.app; sourceTree = BUILT_PRODUCTS_DIR; };
		34B547D42AA4728B0077DD6B /* AppDelegate.swift */ = {isa = PBXFileReference; lastKnownFileType = sourcecode.swift; path = AppDelegate.swift; sourceTree = "<group>"; };
		34B547D62AA4728B0077DD6B /* SceneDelegate.swift */ = {isa = PBXFileReference; lastKnownFileType = sourcecode.swift; path = SceneDelegate.swift; sourceTree = "<group>"; };
		34B547DD2AA4728E0077DD6B /* Assets.xcassets */ = {isa = PBXFileReference; lastKnownFileType = folder.assetcatalog; path = Assets.xcassets; sourceTree = "<group>"; };
		34B547E02AA4728E0077DD6B /* Base */ = {isa = PBXFileReference; lastKnownFileType = file.storyboard; name = Base; path = Base.lproj/LaunchScreen.storyboard; sourceTree = "<group>"; };
		34B547E22AA4728E0077DD6B /* Info.plist */ = {isa = PBXFileReference; lastKnownFileType = text.plist.xml; path = Info.plist; sourceTree = "<group>"; };
		34B547E72AA4728E0077DD6B /* SnapShotTestingDemoTests.xctest */ = {isa = PBXFileReference; explicitFileType = wrapper.cfbundle; includeInIndex = 0; path = SnapShotTestingDemoTests.xctest; sourceTree = BUILT_PRODUCTS_DIR; };
		34B547EB2AA4728E0077DD6B /* SnapShotTestingDemoTests.swift */ = {isa = PBXFileReference; lastKnownFileType = sourcecode.swift; path = SnapShotTestingDemoTests.swift; sourceTree = "<group>"; };
		34B548062AA473F40077DD6B /* CompositionalLayoutSectionHelper.swift */ = {isa = PBXFileReference; fileEncoding = 4; lastKnownFileType = sourcecode.swift; path = CompositionalLayoutSectionHelper.swift; sourceTree = "<group>"; };
		34B548082AA473F40077DD6B /* AppStoreViewController.swift */ = {isa = PBXFileReference; fileEncoding = 4; lastKnownFileType = sourcecode.swift; path = AppStoreViewController.swift; sourceTree = "<group>"; };
		34B5480A2AA473F40077DD6B /* FreeApp.swift */ = {isa = PBXFileReference; fileEncoding = 4; lastKnownFileType = sourcecode.swift; path = FreeApp.swift; sourceTree = "<group>"; };
		34B5480B2AA473F40077DD6B /* FeaturedApp.swift */ = {isa = PBXFileReference; fileEncoding = 4; lastKnownFileType = sourcecode.swift; path = FeaturedApp.swift; sourceTree = "<group>"; };
		34B5480D2AA473F40077DD6B /* HeaderSupplementaryCell.swift */ = {isa = PBXFileReference; fileEncoding = 4; lastKnownFileType = sourcecode.swift; path = HeaderSupplementaryCell.swift; sourceTree = "<group>"; };
		34B5480E2AA473F40077DD6B /* FreeAppCell.swift */ = {isa = PBXFileReference; fileEncoding = 4; lastKnownFileType = sourcecode.swift; path = FreeAppCell.swift; sourceTree = "<group>"; };
		34B5480F2AA473F40077DD6B /* FeaturedAppsCell.swift */ = {isa = PBXFileReference; fileEncoding = 4; lastKnownFileType = sourcecode.swift; path = FeaturedAppsCell.swift; sourceTree = "<group>"; };
/* End PBXFileReference section */

/* Begin PBXFrameworksBuildPhase section */
		34B547CE2AA4728B0077DD6B /* Frameworks */ = {
			isa = PBXFrameworksBuildPhase;
			buildActionMask = 2147483647;
			files = (
				34B548242AA4751C0077DD6B /* NukeUI in Frameworks */,
				34B548202AA4751C0077DD6B /* Nuke in Frameworks */,
				34B548222AA4751C0077DD6B /* NukeExtensions in Frameworks */,
			);
			runOnlyForDeploymentPostprocessing = 0;
		};
		34B547E42AA4728E0077DD6B /* Frameworks */ = {
			isa = PBXFrameworksBuildPhase;
			buildActionMask = 2147483647;
			files = (
				34B5481D2AA474830077DD6B /* SnapshotTesting in Frameworks */,
			);
			runOnlyForDeploymentPostprocessing = 0;
		};
/* End PBXFrameworksBuildPhase section */

/* Begin PBXGroup section */
		34B547C82AA4728B0077DD6B = {
			isa = PBXGroup;
			children = (
				34B547D32AA4728B0077DD6B /* SnapShotTestingDemo */,
				34B547EA2AA4728E0077DD6B /* SnapShotTestingDemoTests */,
				34B547D22AA4728B0077DD6B /* Products */,
			);
			sourceTree = "<group>";
		};
		34B547D22AA4728B0077DD6B /* Products */ = {
			isa = PBXGroup;
			children = (
				34B547D12AA4728B0077DD6B /* SnapShotTestingDemo.app */,
				34B547E72AA4728E0077DD6B /* SnapShotTestingDemoTests.xctest */,
			);
			name = Products;
			sourceTree = "<group>";
		};
		34B547D32AA4728B0077DD6B /* SnapShotTestingDemo */ = {
			isa = PBXGroup;
			children = (
				34B5480C2AA473F40077DD6B /* Cells */,
				34B548042AA473F40077DD6B /* Helpers */,
				34B548092AA473F40077DD6B /* Models */,
				34B548072AA473F40077DD6B /* ViewControllers */,
				34B547D42AA4728B0077DD6B /* AppDelegate.swift */,
				34B547D62AA4728B0077DD6B /* SceneDelegate.swift */,
				34B547DD2AA4728E0077DD6B /* Assets.xcassets */,
				34B547DF2AA4728E0077DD6B /* LaunchScreen.storyboard */,
				34B547E22AA4728E0077DD6B /* Info.plist */,
			);
			path = SnapShotTestingDemo;
			sourceTree = "<group>";
		};
		34B547EA2AA4728E0077DD6B /* SnapShotTestingDemoTests */ = {
			isa = PBXGroup;
			children = (
				34B547EB2AA4728E0077DD6B /* SnapShotTestingDemoTests.swift */,
			);
			path = SnapShotTestingDemoTests;
			sourceTree = "<group>";
		};
		34B548042AA473F40077DD6B /* Helpers */ = {
			isa = PBXGroup;
			children = (
				34B548062AA473F40077DD6B /* CompositionalLayoutSectionHelper.swift */,
			);
			name = Helpers;
			path = ../../UICollectionViewCompositionalLayout/UICollectionViewCompositionalLayout/Helpers;
			sourceTree = "<group>";
		};
		34B548072AA473F40077DD6B /* ViewControllers */ = {
			isa = PBXGroup;
			children = (
				34B548082AA473F40077DD6B /* AppStoreViewController.swift */,
			);
			name = ViewControllers;
			path = ../../UICollectionViewCompositionalLayout/UICollectionViewCompositionalLayout/ViewControllers;
			sourceTree = "<group>";
		};
		34B548092AA473F40077DD6B /* Models */ = {
			isa = PBXGroup;
			children = (
				34B5480A2AA473F40077DD6B /* FreeApp.swift */,
				34B5480B2AA473F40077DD6B /* FeaturedApp.swift */,
			);
			name = Models;
			path = ../../UICollectionViewCompositionalLayout/UICollectionViewCompositionalLayout/Models;
			sourceTree = "<group>";
		};
		34B5480C2AA473F40077DD6B /* Cells */ = {
			isa = PBXGroup;
			children = (
				34B5480D2AA473F40077DD6B /* HeaderSupplementaryCell.swift */,
				34B5480E2AA473F40077DD6B /* FreeAppCell.swift */,
				34B5480F2AA473F40077DD6B /* FeaturedAppsCell.swift */,
			);
			name = Cells;
			path = ../../UICollectionViewCompositionalLayout/UICollectionViewCompositionalLayout/Cells;
			sourceTree = "<group>";
		};
/* End PBXGroup section */

/* Begin PBXNativeTarget section */
		34B547D02AA4728B0077DD6B /* SnapShotTestingDemo */ = {
			isa = PBXNativeTarget;
			buildConfigurationList = 34B547FB2AA4728E0077DD6B /* Build configuration list for PBXNativeTarget "SnapShotTestingDemo" */;
			buildPhases = (
				34B547CD2AA4728B0077DD6B /* Sources */,
				34B547CE2AA4728B0077DD6B /* Frameworks */,
				34B547CF2AA4728B0077DD6B /* Resources */,
			);
			buildRules = (
			);
			dependencies = (
			);
			name = SnapShotTestingDemo;
			packageProductDependencies = (
				34B5481F2AA4751C0077DD6B /* Nuke */,
				34B548212AA4751C0077DD6B /* NukeExtensions */,
				34B548232AA4751C0077DD6B /* NukeUI */,
			);
			productName = SnapShotTestingDemo;
			productReference = 34B547D12AA4728B0077DD6B /* SnapShotTestingDemo.app */;
			productType = "com.apple.product-type.application";
		};
		34B547E62AA4728E0077DD6B /* SnapShotTestingDemoTests */ = {
			isa = PBXNativeTarget;
			buildConfigurationList = 34B547FE2AA4728E0077DD6B /* Build configuration list for PBXNativeTarget "SnapShotTestingDemoTests" */;
			buildPhases = (
				34B547E32AA4728E0077DD6B /* Sources */,
				34B547E42AA4728E0077DD6B /* Frameworks */,
				34B547E52AA4728E0077DD6B /* Resources */,
			);
			buildRules = (
			);
			dependencies = (
				34B547E92AA4728E0077DD6B /* PBXTargetDependency */,
			);
			name = SnapShotTestingDemoTests;
			packageProductDependencies = (
				34B5481C2AA474830077DD6B /* SnapshotTesting */,
			);
			productName = SnapShotTestingDemoTests;
			productReference = 34B547E72AA4728E0077DD6B /* SnapShotTestingDemoTests.xctest */;
			productType = "com.apple.product-type.bundle.unit-test";
		};
/* End PBXNativeTarget section */

/* Begin PBXProject section */
		34B547C92AA4728B0077DD6B /* Project object */ = {
			isa = PBXProject;
			attributes = {
				BuildIndependentTargetsInParallel = 1;
				LastSwiftUpdateCheck = 1430;
				LastUpgradeCheck = 1430;
				TargetAttributes = {
					34B547D02AA4728B0077DD6B = {
						CreatedOnToolsVersion = 14.3.1;
					};
					34B547E62AA4728E0077DD6B = {
						CreatedOnToolsVersion = 14.3.1;
						TestTargetID = 34B547D02AA4728B0077DD6B;
					};
				};
			};
			buildConfigurationList = 34B547CC2AA4728B0077DD6B /* Build configuration list for PBXProject "SnapShotTestingDemo" */;
			compatibilityVersion = "Xcode 14.0";
			developmentRegion = en;
			hasScannedForEncodings = 0;
			knownRegions = (
				en,
				Base,
			);
			mainGroup = 34B547C82AA4728B0077DD6B;
			packageReferences = (
				34B5481B2AA474830077DD6B /* XCRemoteSwiftPackageReference "swift-snapshot-testing" */,
				34B5481E2AA4751C0077DD6B /* XCRemoteSwiftPackageReference "Nuke" */,
			);
			productRefGroup = 34B547D22AA4728B0077DD6B /* Products */;
			projectDirPath = "";
			projectRoot = "";
			targets = (
				34B547D02AA4728B0077DD6B /* SnapShotTestingDemo */,
				34B547E62AA4728E0077DD6B /* SnapShotTestingDemoTests */,
			);
		};
/* End PBXProject section */

/* Begin PBXResourcesBuildPhase section */
		34B547CF2AA4728B0077DD6B /* Resources */ = {
			isa = PBXResourcesBuildPhase;
			buildActionMask = 2147483647;
			files = (
				34B547E12AA4728E0077DD6B /* LaunchScreen.storyboard in Resources */,
				34B547DE2AA4728E0077DD6B /* Assets.xcassets in Resources */,
			);
			runOnlyForDeploymentPostprocessing = 0;
		};
		34B547E52AA4728E0077DD6B /* Resources */ = {
			isa = PBXResourcesBuildPhase;
			buildActionMask = 2147483647;
			files = (
			);
			runOnlyForDeploymentPostprocessing = 0;
		};
/* End PBXResourcesBuildPhase section */

/* Begin PBXSourcesBuildPhase section */
		34B547CD2AA4728B0077DD6B /* Sources */ = {
			isa = PBXSourcesBuildPhase;
			buildActionMask = 2147483647;
			files = (
				34B548132AA473F40077DD6B /* FreeApp.swift in Sources */,
				34B548172AA473F40077DD6B /* FeaturedAppsCell.swift in Sources */,
				34B548112AA473F40077DD6B /* CompositionalLayoutSectionHelper.swift in Sources */,
				34B548152AA473F40077DD6B /* HeaderSupplementaryCell.swift in Sources */,
				34B547D52AA4728B0077DD6B /* AppDelegate.swift in Sources */,
				34B548142AA473F40077DD6B /* FeaturedApp.swift in Sources */,
				34B548122AA473F40077DD6B /* AppStoreViewController.swift in Sources */,
				34B547D72AA4728B0077DD6B /* SceneDelegate.swift in Sources */,
				34B548162AA473F40077DD6B /* FreeAppCell.swift in Sources */,
			);
			runOnlyForDeploymentPostprocessing = 0;
		};
		34B547E32AA4728E0077DD6B /* Sources */ = {
			isa = PBXSourcesBuildPhase;
			buildActionMask = 2147483647;
			files = (
				34B547EC2AA4728E0077DD6B /* SnapShotTestingDemoTests.swift in Sources */,
			);
			runOnlyForDeploymentPostprocessing = 0;
		};
/* End PBXSourcesBuildPhase section */

/* Begin PBXTargetDependency section */
		34B547E92AA4728E0077DD6B /* PBXTargetDependency */ = {
			isa = PBXTargetDependency;
			target = 34B547D02AA4728B0077DD6B /* SnapShotTestingDemo */;
			targetProxy = 34B547E82AA4728E0077DD6B /* PBXContainerItemProxy */;
		};
/* End PBXTargetDependency section */

/* Begin PBXVariantGroup section */
		34B547DF2AA4728E0077DD6B /* LaunchScreen.storyboard */ = {
			isa = PBXVariantGroup;
			children = (
				34B547E02AA4728E0077DD6B /* Base */,
			);
			name = LaunchScreen.storyboard;
			sourceTree = "<group>";
		};
/* End PBXVariantGroup section */

/* Begin XCBuildConfiguration section */
		34B547F92AA4728E0077DD6B /* Debug */ = {
			isa = XCBuildConfiguration;
			buildSettings = {
				ALWAYS_SEARCH_USER_PATHS = NO;
				CLANG_ANALYZER_NONNULL = YES;
				CLANG_ANALYZER_NUMBER_OBJECT_CONVERSION = YES_AGGRESSIVE;
				CLANG_CXX_LANGUAGE_STANDARD = "gnu++20";
				CLANG_ENABLE_MODULES = YES;
				CLANG_ENABLE_OBJC_ARC = YES;
				CLANG_ENABLE_OBJC_WEAK = YES;
				CLANG_WARN_BLOCK_CAPTURE_AUTORELEASING = YES;
				CLANG_WARN_BOOL_CONVERSION = YES;
				CLANG_WARN_COMMA = YES;
				CLANG_WARN_CONSTANT_CONVERSION = YES;
				CLANG_WARN_DEPRECATED_OBJC_IMPLEMENTATIONS = YES;
				CLANG_WARN_DIRECT_OBJC_ISA_USAGE = YES_ERROR;
				CLANG_WARN_DOCUMENTATION_COMMENTS = YES;
				CLANG_WARN_EMPTY_BODY = YES;
				CLANG_WARN_ENUM_CONVERSION = YES;
				CLANG_WARN_INFINITE_RECURSION = YES;
				CLANG_WARN_INT_CONVERSION = YES;
				CLANG_WARN_NON_LITERAL_NULL_CONVERSION = YES;
				CLANG_WARN_OBJC_IMPLICIT_RETAIN_SELF = YES;
				CLANG_WARN_OBJC_LITERAL_CONVERSION = YES;
				CLANG_WARN_OBJC_ROOT_CLASS = YES_ERROR;
				CLANG_WARN_QUOTED_INCLUDE_IN_FRAMEWORK_HEADER = YES;
				CLANG_WARN_RANGE_LOOP_ANALYSIS = YES;
				CLANG_WARN_STRICT_PROTOTYPES = YES;
				CLANG_WARN_SUSPICIOUS_MOVE = YES;
				CLANG_WARN_UNGUARDED_AVAILABILITY = YES_AGGRESSIVE;
				CLANG_WARN_UNREACHABLE_CODE = YES;
				CLANG_WARN__DUPLICATE_METHOD_MATCH = YES;
				COPY_PHASE_STRIP = NO;
				DEBUG_INFORMATION_FORMAT = dwarf;
				ENABLE_STRICT_OBJC_MSGSEND = YES;
				ENABLE_TESTABILITY = YES;
				GCC_C_LANGUAGE_STANDARD = gnu11;
				GCC_DYNAMIC_NO_PIC = NO;
				GCC_NO_COMMON_BLOCKS = YES;
				GCC_OPTIMIZATION_LEVEL = 0;
				GCC_PREPROCESSOR_DEFINITIONS = (
					"DEBUG=1",
					"$(inherited)",
				);
				GCC_WARN_64_TO_32_BIT_CONVERSION = YES;
				GCC_WARN_ABOUT_RETURN_TYPE = YES_ERROR;
				GCC_WARN_UNDECLARED_SELECTOR = YES;
				GCC_WARN_UNINITIALIZED_AUTOS = YES_AGGRESSIVE;
				GCC_WARN_UNUSED_FUNCTION = YES;
				GCC_WARN_UNUSED_VARIABLE = YES;
				IPHONEOS_DEPLOYMENT_TARGET = 16.4;
				MTL_ENABLE_DEBUG_INFO = INCLUDE_SOURCE;
				MTL_FAST_MATH = YES;
				ONLY_ACTIVE_ARCH = YES;
				SDKROOT = iphoneos;
				SWIFT_ACTIVE_COMPILATION_CONDITIONS = DEBUG;
				SWIFT_OPTIMIZATION_LEVEL = "-Onone";
			};
			name = Debug;
		};
		34B547FA2AA4728E0077DD6B /* Release */ = {
			isa = XCBuildConfiguration;
			buildSettings = {
				ALWAYS_SEARCH_USER_PATHS = NO;
				CLANG_ANALYZER_NONNULL = YES;
				CLANG_ANALYZER_NUMBER_OBJECT_CONVERSION = YES_AGGRESSIVE;
				CLANG_CXX_LANGUAGE_STANDARD = "gnu++20";
				CLANG_ENABLE_MODULES = YES;
				CLANG_ENABLE_OBJC_ARC = YES;
				CLANG_ENABLE_OBJC_WEAK = YES;
				CLANG_WARN_BLOCK_CAPTURE_AUTORELEASING = YES;
				CLANG_WARN_BOOL_CONVERSION = YES;
				CLANG_WARN_COMMA = YES;
				CLANG_WARN_CONSTANT_CONVERSION = YES;
				CLANG_WARN_DEPRECATED_OBJC_IMPLEMENTATIONS = YES;
				CLANG_WARN_DIRECT_OBJC_ISA_USAGE = YES_ERROR;
				CLANG_WARN_DOCUMENTATION_COMMENTS = YES;
				CLANG_WARN_EMPTY_BODY = YES;
				CLANG_WARN_ENUM_CONVERSION = YES;
				CLANG_WARN_INFINITE_RECURSION = YES;
				CLANG_WARN_INT_CONVERSION = YES;
				CLANG_WARN_NON_LITERAL_NULL_CONVERSION = YES;
				CLANG_WARN_OBJC_IMPLICIT_RETAIN_SELF = YES;
				CLANG_WARN_OBJC_LITERAL_CONVERSION = YES;
				CLANG_WARN_OBJC_ROOT_CLASS = YES_ERROR;
				CLANG_WARN_QUOTED_INCLUDE_IN_FRAMEWORK_HEADER = YES;
				CLANG_WARN_RANGE_LOOP_ANALYSIS = YES;
				CLANG_WARN_STRICT_PROTOTYPES = YES;
				CLANG_WARN_SUSPICIOUS_MOVE = YES;
				CLANG_WARN_UNGUARDED_AVAILABILITY = YES_AGGRESSIVE;
				CLANG_WARN_UNREACHABLE_CODE = YES;
				CLANG_WARN__DUPLICATE_METHOD_MATCH = YES;
				COPY_PHASE_STRIP = NO;
				DEBUG_INFORMATION_FORMAT = "dwarf-with-dsym";
				ENABLE_NS_ASSERTIONS = NO;
				ENABLE_STRICT_OBJC_MSGSEND = YES;
				GCC_C_LANGUAGE_STANDARD = gnu11;
				GCC_NO_COMMON_BLOCKS = YES;
				GCC_WARN_64_TO_32_BIT_CONVERSION = YES;
				GCC_WARN_ABOUT_RETURN_TYPE = YES_ERROR;
				GCC_WARN_UNDECLARED_SELECTOR = YES;
				GCC_WARN_UNINITIALIZED_AUTOS = YES_AGGRESSIVE;
				GCC_WARN_UNUSED_FUNCTION = YES;
				GCC_WARN_UNUSED_VARIABLE = YES;
				IPHONEOS_DEPLOYMENT_TARGET = 16.4;
				MTL_ENABLE_DEBUG_INFO = NO;
				MTL_FAST_MATH = YES;
				SDKROOT = iphoneos;
				SWIFT_COMPILATION_MODE = wholemodule;
				SWIFT_OPTIMIZATION_LEVEL = "-O";
				VALIDATE_PRODUCT = YES;
			};
			name = Release;
		};
		34B547FC2AA4728E0077DD6B /* Debug */ = {
			isa = XCBuildConfiguration;
			buildSettings = {
				ASSETCATALOG_COMPILER_APPICON_NAME = AppIcon;
				ASSETCATALOG_COMPILER_GLOBAL_ACCENT_COLOR_NAME = AccentColor;
				CODE_SIGN_STYLE = Automatic;
				CURRENT_PROJECT_VERSION = 1;
				GENERATE_INFOPLIST_FILE = YES;
				INFOPLIST_FILE = SnapShotTestingDemo/Info.plist;
				INFOPLIST_KEY_UIApplicationSupportsIndirectInputEvents = YES;
				INFOPLIST_KEY_UILaunchStoryboardName = LaunchScreen;
				INFOPLIST_KEY_UIMainStoryboardFile = "";
				INFOPLIST_KEY_UISupportedInterfaceOrientations_iPad = "UIInterfaceOrientationPortrait UIInterfaceOrientationPortraitUpsideDown UIInterfaceOrientationLandscapeLeft UIInterfaceOrientationLandscapeRight";
				INFOPLIST_KEY_UISupportedInterfaceOrientations_iPhone = "UIInterfaceOrientationPortrait UIInterfaceOrientationLandscapeLeft UIInterfaceOrientationLandscapeRight";
				LD_RUNPATH_SEARCH_PATHS = (
					"$(inherited)",
					"@executable_path/Frameworks",
				);
				MARKETING_VERSION = 1.0;
				PRODUCT_BUNDLE_IDENTIFIER = com.nirajtiwari.SnapShotTestingDemo;
				PRODUCT_NAME = "$(TARGET_NAME)";
				SWIFT_EMIT_LOC_STRINGS = YES;
				SWIFT_VERSION = 5.0;
				TARGETED_DEVICE_FAMILY = "1,2";
			};
			name = Debug;
		};
		34B547FD2AA4728E0077DD6B /* Release */ = {
			isa = XCBuildConfiguration;
			buildSettings = {
				ASSETCATALOG_COMPILER_APPICON_NAME = AppIcon;
				ASSETCATALOG_COMPILER_GLOBAL_ACCENT_COLOR_NAME = AccentColor;
				CODE_SIGN_STYLE = Automatic;
				CURRENT_PROJECT_VERSION = 1;
				GENERATE_INFOPLIST_FILE = YES;
				INFOPLIST_FILE = SnapShotTestingDemo/Info.plist;
				INFOPLIST_KEY_UIApplicationSupportsIndirectInputEvents = YES;
				INFOPLIST_KEY_UILaunchStoryboardName = LaunchScreen;
				INFOPLIST_KEY_UIMainStoryboardFile = "";
				INFOPLIST_KEY_UISupportedInterfaceOrientations_iPad = "UIInterfaceOrientationPortrait UIInterfaceOrientationPortraitUpsideDown UIInterfaceOrientationLandscapeLeft UIInterfaceOrientationLandscapeRight";
				INFOPLIST_KEY_UISupportedInterfaceOrientations_iPhone = "UIInterfaceOrientationPortrait UIInterfaceOrientationLandscapeLeft UIInterfaceOrientationLandscapeRight";
				LD_RUNPATH_SEARCH_PATHS = (
					"$(inherited)",
					"@executable_path/Frameworks",
				);
				MARKETING_VERSION = 1.0;
				PRODUCT_BUNDLE_IDENTIFIER = com.nirajtiwari.SnapShotTestingDemo;
				PRODUCT_NAME = "$(TARGET_NAME)";
				SWIFT_EMIT_LOC_STRINGS = YES;
				SWIFT_VERSION = 5.0;
				TARGETED_DEVICE_FAMILY = "1,2";
			};
			name = Release;
		};
		34B547FF2AA4728E0077DD6B /* Debug */ = {
			isa = XCBuildConfiguration;
			buildSettings = {
				ALWAYS_EMBED_SWIFT_STANDARD_LIBRARIES = YES;
				BUNDLE_LOADER = "$(TEST_HOST)";
				CODE_SIGN_STYLE = Automatic;
				CURRENT_PROJECT_VERSION = 1;
				GENERATE_INFOPLIST_FILE = YES;
				IPHONEOS_DEPLOYMENT_TARGET = 16.4;
				MARKETING_VERSION = 1.0;
				PRODUCT_BUNDLE_IDENTIFIER = com.nirajtiwari.SnapShotTestingDemoTests;
				PRODUCT_NAME = "$(TARGET_NAME)";
				SWIFT_EMIT_LOC_STRINGS = NO;
				SWIFT_VERSION = 5.0;
				TARGETED_DEVICE_FAMILY = "1,2";
				TEST_HOST = "$(BUILT_PRODUCTS_DIR)/SnapShotTestingDemo.app/$(BUNDLE_EXECUTABLE_FOLDER_PATH)/SnapShotTestingDemo";
			};
			name = Debug;
		};
		34B548002AA4728E0077DD6B /* Release */ = {
			isa = XCBuildConfiguration;
			buildSettings = {
				ALWAYS_EMBED_SWIFT_STANDARD_LIBRARIES = YES;
				BUNDLE_LOADER = "$(TEST_HOST)";
				CODE_SIGN_STYLE = Automatic;
				CURRENT_PROJECT_VERSION = 1;
				GENERATE_INFOPLIST_FILE = YES;
				IPHONEOS_DEPLOYMENT_TARGET = 16.4;
				MARKETING_VERSION = 1.0;
				PRODUCT_BUNDLE_IDENTIFIER = com.nirajtiwari.SnapShotTestingDemoTests;
				PRODUCT_NAME = "$(TARGET_NAME)";
				SWIFT_EMIT_LOC_STRINGS = NO;
				SWIFT_VERSION = 5.0;
				TARGETED_DEVICE_FAMILY = "1,2";
				TEST_HOST = "$(BUILT_PRODUCTS_DIR)/SnapShotTestingDemo.app/$(BUNDLE_EXECUTABLE_FOLDER_PATH)/SnapShotTestingDemo";
			};
			name = Release;
		};
/* End XCBuildConfiguration section */

/* Begin XCConfigurationList section */
		34B547CC2AA4728B0077DD6B /* Build configuration list for PBXProject "SnapShotTestingDemo" */ = {
			isa = XCConfigurationList;
			buildConfigurations = (
				34B547F92AA4728E0077DD6B /* Debug */,
				34B547FA2AA4728E0077DD6B /* Release */,
			);
			defaultConfigurationIsVisible = 0;
			defaultConfigurationName = Release;
		};
		34B547FB2AA4728E0077DD6B /* Build configuration list for PBXNativeTarget "SnapShotTestingDemo" */ = {
			isa = XCConfigurationList;
			buildConfigurations = (
				34B547FC2AA4728E0077DD6B /* Debug */,
				34B547FD2AA4728E0077DD6B /* Release */,
			);
			defaultConfigurationIsVisible = 0;
			defaultConfigurationName = Release;
		};
		34B547FE2AA4728E0077DD6B /* Build configuration list for PBXNativeTarget "SnapShotTestingDemoTests" */ = {
			isa = XCConfigurationList;
			buildConfigurations = (
				34B547FF2AA4728E0077DD6B /* Debug */,
				34B548002AA4728E0077DD6B /* Release */,
			);
			defaultConfigurationIsVisible = 0;
			defaultConfigurationName = Release;
		};
/* End XCConfigurationList section */

/* Begin XCRemoteSwiftPackageReference section */
		34B5481B2AA474830077DD6B /* XCRemoteSwiftPackageReference "swift-snapshot-testing" */ = {
			isa = XCRemoteSwiftPackageReference;
			repositoryURL = "https://github.com/pointfreeco/swift-snapshot-testing.git";
			requirement = {
				kind = upToNextMajorVersion;
				minimumVersion = 1.0.0;
			};
		};
		34B5481E2AA4751C0077DD6B /* XCRemoteSwiftPackageReference "Nuke" */ = {
			isa = XCRemoteSwiftPackageReference;
			repositoryURL = "https://github.com/kean/Nuke.git";
			requirement = {
				kind = upToNextMajorVersion;
				minimumVersion = 12.0.0;
			};
		};
/* End XCRemoteSwiftPackageReference section */

/* Begin XCSwiftPackageProductDependency section */
		34B5481C2AA474830077DD6B /* SnapshotTesting */ = {
			isa = XCSwiftPackageProductDependency;
			package = 34B5481B2AA474830077DD6B /* XCRemoteSwiftPackageReference "swift-snapshot-testing" */;
			productName = SnapshotTesting;
		};
		34B5481F2AA4751C0077DD6B /* Nuke */ = {
			isa = XCSwiftPackageProductDependency;
			package = 34B5481E2AA4751C0077DD6B /* XCRemoteSwiftPackageReference "Nuke" */;
			productName = Nuke;
		};
		34B548212AA4751C0077DD6B /* NukeExtensions */ = {
			isa = XCSwiftPackageProductDependency;
			package = 34B5481E2AA4751C0077DD6B /* XCRemoteSwiftPackageReference "Nuke" */;
			productName = NukeExtensions;
		};
		34B548232AA4751C0077DD6B /* NukeUI */ = {
			isa = XCSwiftPackageProductDependency;
			package = 34B5481E2AA4751C0077DD6B /* XCRemoteSwiftPackageReference "Nuke" */;
			productName = NukeUI;
		};
/* End XCSwiftPackageProductDependency section */
	};
	rootObject = 34B547C92AA4728B0077DD6B /* Project object */;
}
